
Microsoft Visual Studio Solution File, Format Version 12.00
# Visual Studio Version 17
VisualStudioVersion = 17.2.32616.157
MinimumVisualStudioVersion = 10.0.40219.1
Project("{FAE04EC0-301F-11D3-BF4B-00C04F79EFBC}") = "AssistantOverlays", "AssistantOverlays\AssistantOverlays.csproj", "{87DEE57A-0599-468A-ADAD-B677358D1A97}"
EndProject
Global
	GlobalSection(SolutionConfigurationPlatforms) = preSolution
		Debug|Any CPU = Debug|Any CPU
		Release|Any CPU = Release|Any CPU
	EndGlobalSection
	GlobalSection(ProjectConfigurationPlatforms) = postSolution
		{87DEE57A-0599-468A-ADAD-B677358D1A97}.Debug|Any CPU.ActiveCfg = Debug|Any CPU
		{87DEE57A-0599-468A-ADAD-B677358D1A97}.Debug|Any CPU.Build.0 = Debug|Any CPU
		{87DEE57A-0599-468A-ADAD-B677358D1A97}.Release|Any CPU.ActiveCfg = Release|Any CPU
		{87DEE57A-0599-468A-ADAD-B677358D1A97}.Release|Any CPU.Build.0 = Release|Any CPU
	EndGlobalSection
	GlobalSection(SolutionProperties) = preSolution
		HideSolutionNode = FALSE
	EndGlobalSection
	GlobalSection(ExtensibilityGlobals) = postSolution
		SolutionGuid = {2F9915B1-9607-4B7E-BD52-60B0E90BF7C8}
	EndGlobalSection
EndGlobal
